
Microsoft Visual Studio Solution File, Format Version 12.00
# Visual Studio Version 17
VisualStudioVersion = 17.5.33424.131
MinimumVisualStudioVersion = 10.0.40219.1
Project("{9A19103F-16F7-4668-BE54-9A1E7A4F7556}") = "API", "API\API.csproj", "{D15148F2-9B16-4AB5-882D-FE22D5A8A54E}"
EndProject
Project("{9A19103F-16F7-4668-BE54-9A1E7A4F7556}") = "DAPPAnalyzer", "PDFAnalyzer\DAPPAnalyzer.csproj", "{39F4ACC4-767E-4755-8E7B-9DC30C1D6B25}"
EndProject
Project("{2150E333-8FDC-42A3-9474-1A3956D46DE8}") = "Requests", "Requests", "{82D59175-4E4C-4633-AC25-5C3464045FAB}"
	ProjectSection(SolutionItems) = preProject
		Requests\analyzeRequests.http = Requests\analyzeRequests.http
	EndProjectSection
EndProject
Project("{FAE04EC0-301F-11D3-BF4B-00C04F79EFBC}") = "DAPPTests", "DAPPTests\DAPPTests.csproj", "{6AE85D24-DC80-4EF1-B293-81D4C471A785}"
EndProject
Project("{2150E333-8FDC-42A3-9474-1A3956D46DE8}") = "Solution Items", "Solution Items", "{F4CBF8B8-B7C2-4198-B77B-6358BEC30988}"
	ProjectSection(SolutionItems) = preProject
		script.py = script.py
	EndProjectSection
EndProject
Global
	GlobalSection(SolutionConfigurationPlatforms) = preSolution
		Debug|Any CPU = Debug|Any CPU
		Release|Any CPU = Release|Any CPU
	EndGlobalSection
	GlobalSection(ProjectConfigurationPlatforms) = postSolution
		{D15148F2-9B16-4AB5-882D-FE22D5A8A54E}.Debug|Any CPU.ActiveCfg = Debug|Any CPU
		{D15148F2-9B16-4AB5-882D-FE22D5A8A54E}.Debug|Any CPU.Build.0 = Debug|Any CPU
		{D15148F2-9B16-4AB5-882D-FE22D5A8A54E}.Release|Any CPU.ActiveCfg = Release|Any CPU
		{D15148F2-9B16-4AB5-882D-FE22D5A8A54E}.Release|Any CPU.Build.0 = Release|Any CPU
		{39F4ACC4-767E-4755-8E7B-9DC30C1D6B25}.Debug|Any CPU.ActiveCfg = Debug|Any CPU
		{39F4ACC4-767E-4755-8E7B-9DC30C1D6B25}.Debug|Any CPU.Build.0 = Debug|Any CPU
		{39F4ACC4-767E-4755-8E7B-9DC30C1D6B25}.Release|Any CPU.ActiveCfg = Release|Any CPU
		{39F4ACC4-767E-4755-8E7B-9DC30C1D6B25}.Release|Any CPU.Build.0 = Release|Any CPU
		{6AE85D24-DC80-4EF1-B293-81D4C471A785}.Debug|Any CPU.ActiveCfg = Debug|Any CPU
		{6AE85D24-DC80-4EF1-B293-81D4C471A785}.Debug|Any CPU.Build.0 = Debug|Any CPU
		{6AE85D24-DC80-4EF1-B293-81D4C471A785}.Release|Any CPU.ActiveCfg = Release|Any CPU
		{6AE85D24-DC80-4EF1-B293-81D4C471A785}.Release|Any CPU.Build.0 = Release|Any CPU
	EndGlobalSection
	GlobalSection(SolutionProperties) = preSolution
		HideSolutionNode = FALSE
	EndGlobalSection
	GlobalSection(ExtensibilityGlobals) = postSolution
		SolutionGuid = {561285D5-EF6C-4195-AA73-266923226642}
	EndGlobalSection
EndGlobal
