
Microsoft Visual Studio Solution File, Format Version 12.00
# Visual Studio Version 17
VisualStudioVersion = 17.4.33110.190
MinimumVisualStudioVersion = 10.0.40219.1
Project("{9A19103F-16F7-4668-BE54-9A1E7A4F7556}") = "DAPP.API", "DAPP.API\DAPP.API.csproj", "{9B001AB8-A607-45F5-BDF4-A453F5FA13FE}"
EndProject
Project("{9A19103F-16F7-4668-BE54-9A1E7A4F7556}") = "DAPP.Infrastructure", "DAPP.Infrastructure\DAPP.Infrastructure.csproj", "{8DEE370A-04DF-4585-8491-3561EDA2CD32}"
EndProject
Project("{9A19103F-16F7-4668-BE54-9A1E7A4F7556}") = "DAPP.Domain", "DAPP.Domain\DAPP.Domain.csproj", "{9F0FBEE1-B000-4668-A7CA-9AC011185283}"
EndProject
Project("{9A19103F-16F7-4668-BE54-9A1E7A4F7556}") = "DAPP.Application", "DAPP.Application\DAPP.Application.csproj", "{A4FA5068-4E50-43D9-9E21-82735F044E66}"
EndProject
Project("{9A19103F-16F7-4668-BE54-9A1E7A4F7556}") = "DAPP.Console", "DAPP.Console\DAPP.Console.csproj", "{4345F5DC-AE3F-4090-826F-B3125FB0F7C1}"
EndProject
Project("{9A19103F-16F7-4668-BE54-9A1E7A4F7556}") = "DAPP.DI", "DAPP.DI\DAPP.DI.csproj", "{715F8252-E7F6-40DA-8206-1C4A87C456D8}"
EndProject
Project("{9A19103F-16F7-4668-BE54-9A1E7A4F7556}") = "DAPP.Analyzer", "DAPP.Analyzer\DAPP.Analyzer.csproj", "{4CB3EDF2-380B-441A-BEB2-A1DAC4D995B4}"
EndProject
Global
	GlobalSection(SolutionConfigurationPlatforms) = preSolution
		Debug|Any CPU = Debug|Any CPU
		Release|Any CPU = Release|Any CPU
	EndGlobalSection
	GlobalSection(ProjectConfigurationPlatforms) = postSolution
		{9B001AB8-A607-45F5-BDF4-A453F5FA13FE}.Debug|Any CPU.ActiveCfg = Debug|Any CPU
		{9B001AB8-A607-45F5-BDF4-A453F5FA13FE}.Debug|Any CPU.Build.0 = Debug|Any CPU
		{9B001AB8-A607-45F5-BDF4-A453F5FA13FE}.Release|Any CPU.ActiveCfg = Release|Any CPU
		{9B001AB8-A607-45F5-BDF4-A453F5FA13FE}.Release|Any CPU.Build.0 = Release|Any CPU
		{8DEE370A-04DF-4585-8491-3561EDA2CD32}.Debug|Any CPU.ActiveCfg = Debug|Any CPU
		{8DEE370A-04DF-4585-8491-3561EDA2CD32}.Debug|Any CPU.Build.0 = Debug|Any CPU
		{8DEE370A-04DF-4585-8491-3561EDA2CD32}.Release|Any CPU.ActiveCfg = Release|Any CPU
		{8DEE370A-04DF-4585-8491-3561EDA2CD32}.Release|Any CPU.Build.0 = Release|Any CPU
		{9F0FBEE1-B000-4668-A7CA-9AC011185283}.Debug|Any CPU.ActiveCfg = Debug|Any CPU
		{9F0FBEE1-B000-4668-A7CA-9AC011185283}.Debug|Any CPU.Build.0 = Debug|Any CPU
		{9F0FBEE1-B000-4668-A7CA-9AC011185283}.Release|Any CPU.ActiveCfg = Release|Any CPU
		{9F0FBEE1-B000-4668-A7CA-9AC011185283}.Release|Any CPU.Build.0 = Release|Any CPU
		{A4FA5068-4E50-43D9-9E21-82735F044E66}.Debug|Any CPU.ActiveCfg = Debug|Any CPU
		{A4FA5068-4E50-43D9-9E21-82735F044E66}.Debug|Any CPU.Build.0 = Debug|Any CPU
		{A4FA5068-4E50-43D9-9E21-82735F044E66}.Release|Any CPU.ActiveCfg = Release|Any CPU
		{A4FA5068-4E50-43D9-9E21-82735F044E66}.Release|Any CPU.Build.0 = Release|Any CPU
		{4345F5DC-AE3F-4090-826F-B3125FB0F7C1}.Debug|Any CPU.ActiveCfg = Debug|Any CPU
		{4345F5DC-AE3F-4090-826F-B3125FB0F7C1}.Debug|Any CPU.Build.0 = Debug|Any CPU
		{4345F5DC-AE3F-4090-826F-B3125FB0F7C1}.Release|Any CPU.ActiveCfg = Release|Any CPU
		{4345F5DC-AE3F-4090-826F-B3125FB0F7C1}.Release|Any CPU.Build.0 = Release|Any CPU
		{715F8252-E7F6-40DA-8206-1C4A87C456D8}.Debug|Any CPU.ActiveCfg = Debug|Any CPU
		{715F8252-E7F6-40DA-8206-1C4A87C456D8}.Debug|Any CPU.Build.0 = Debug|Any CPU
		{715F8252-E7F6-40DA-8206-1C4A87C456D8}.Release|Any CPU.ActiveCfg = Release|Any CPU
		{715F8252-E7F6-40DA-8206-1C4A87C456D8}.Release|Any CPU.Build.0 = Release|Any CPU
		{4CB3EDF2-380B-441A-BEB2-A1DAC4D995B4}.Debug|Any CPU.ActiveCfg = Debug|Any CPU
		{4CB3EDF2-380B-441A-BEB2-A1DAC4D995B4}.Debug|Any CPU.Build.0 = Debug|Any CPU
		{4CB3EDF2-380B-441A-BEB2-A1DAC4D995B4}.Release|Any CPU.ActiveCfg = Release|Any CPU
		{4CB3EDF2-380B-441A-BEB2-A1DAC4D995B4}.Release|Any CPU.Build.0 = Release|Any CPU
	EndGlobalSection
	GlobalSection(SolutionProperties) = preSolution
		HideSolutionNode = FALSE
	EndGlobalSection
	GlobalSection(ExtensibilityGlobals) = postSolution
		SolutionGuid = {2E9F975D-283E-4461-B29E-B1FA518D5AE0}
	EndGlobalSection
EndGlobal
